
Microsoft Visual Studio Solution File, Format Version 12.00
# Visual Studio Version 16
VisualStudioVersion = 16.0.28803.352
MinimumVisualStudioVersion = 10.0.40219.1
Project("{2150E333-8FDC-42A3-9474-1A3956D46DE8}") = "AppService", "AppService", "{D416D739-F80A-40C4-8301-CF69706851E6}"
EndProject
Project("{2150E333-8FDC-42A3-9474-1A3956D46DE8}") = "PublicApi", "PublicApi", "{F216E480-8AF8-415E-B3A2-43CD7A51D07B}"
EndProject
Project("{2150E333-8FDC-42A3-9474-1A3956D46DE8}") = "Core", "Core", "{21C438C7-7632-45BF-A744-23C88F16D2C9}"
EndProject
Project("{2150E333-8FDC-42A3-9474-1A3956D46DE8}") = "Service", "Service", "{ABA9F4FE-05BE-4973-8F96-D7D96674B448}"
EndProject
Project("{2150E333-8FDC-42A3-9474-1A3956D46DE8}") = "Cache", "Cache", "{0B7D92DE-D8A2-4035-B8FA-EDA47652229B}"
EndProject
Project("{2150E333-8FDC-42A3-9474-1A3956D46DE8}") = "Index", "Index", "{A61A3A20-A5A9-4A24-BFB8-350686F306A5}"
EndProject
Project("{9A19103F-16F7-4668-BE54-9A1E7A4F7556}") = "iChiba.Portal.Cache.Interface", "iChiba.Portal.Cache.Interface\iChiba.Portal.Cache.Interface.csproj", "{61A28826-59B2-4066-ABE7-9067C0B8D84C}"
EndProject
Project("{9A19103F-16F7-4668-BE54-9A1E7A4F7556}") = "iChiba.Portal.Cache.Model", "iChiba.Portal.Cache.Model\iChiba.Portal.Cache.Model.csproj", "{C7B45E78-0046-4032-A523-B4141E9884A7}"
EndProject
Project("{9A19103F-16F7-4668-BE54-9A1E7A4F7556}") = "iChiba.Portal.Cache.Redis.Implement", "iChiba.Portal.Cache.Redis.Implement\iChiba.Portal.Cache.Redis.Implement.csproj", "{DC763F6E-71D4-4341-8C06-2B8477217856}"
EndProject
Project("{9A19103F-16F7-4668-BE54-9A1E7A4F7556}") = "iChiba.Portal.Index.Elasticsearch.Implement", "iChiba.Portal.Index.Elasticsearch.Implement\iChiba.Portal.Index.Elasticsearch.Implement.csproj", "{93D0E53E-B550-4B33-9F79-F06B7B4FA710}"
EndProject
Project("{9A19103F-16F7-4668-BE54-9A1E7A4F7556}") = "iChiba.Portal.Index.Interface", "iChiba.Portal.Index.Interface\iChiba.Portal.Index.Interface.csproj", "{FC67EA72-FDDE-430F-902E-0C41CA784643}"
EndProject
Project("{9A19103F-16F7-4668-BE54-9A1E7A4F7556}") = "iChiba.Portal.Index.Model", "iChiba.Portal.Index.Model\iChiba.Portal.Index.Model.csproj", "{DED1B9ED-A48E-47B0-A3C6-7318119C8BDB}"
EndProject
Project("{9A19103F-16F7-4668-BE54-9A1E7A4F7556}") = "iChiba.Portal.Service.Implement", "iChiba.Portal.Service.Implement\iChiba.Portal.Service.Implement.csproj", "{631F6160-795E-4B25-B841-64D04B1C441E}"
EndProject
Project("{9A19103F-16F7-4668-BE54-9A1E7A4F7556}") = "iChiba.Portal.Service.Interface", "iChiba.Portal.Service.Interface\iChiba.Portal.Service.Interface.csproj", "{9A2F4241-7076-425A-B87A-D142F60E51A2}"
EndProject
Project("{9A19103F-16F7-4668-BE54-9A1E7A4F7556}") = "iChiba.Portal.Common", "iChiba.Portal.Common\iChiba.Portal.Common.csproj", "{3264D17E-F14C-4E1A-A602-4BCDE485125C}"
EndProject
Project("{9A19103F-16F7-4668-BE54-9A1E7A4F7556}") = "iChiba.Portal.CustomException", "iChiba.Portal.CustomException\iChiba.Portal.CustomException.csproj", "{8755ACF4-527D-4662-976A-27C1DE7F9046}"
EndProject
Project("{9A19103F-16F7-4668-BE54-9A1E7A4F7556}") = "iChiba.Portal.PublicApi.AppModel", "iChiba.Portal.PublicApi.AppModel\iChiba.Portal.PublicApi.AppModel.csproj", "{A3132875-E9D2-44D7-9CF7-4B099CFFCFF3}"
EndProject
Project("{9A19103F-16F7-4668-BE54-9A1E7A4F7556}") = "iChiba.Portal.PublicApi.AppService.Implement", "iChiba.Portal.PublicApi.AppService.Implement\iChiba.Portal.PublicApi.AppService.Implement.csproj", "{487A0EAE-85E0-48DC-853C-093E476629DA}"
EndProject
Project("{9A19103F-16F7-4668-BE54-9A1E7A4F7556}") = "iChiba.Portal.PublicApi.AppService.Interface", "iChiba.Portal.PublicApi.AppService.Interface\iChiba.Portal.PublicApi.AppService.Interface.csproj", "{9641AE22-F02C-4F18-B15F-5660DD96D3F1}"
EndProject
Project("{9A19103F-16F7-4668-BE54-9A1E7A4F7556}") = "iChiba.Portal.PublicApi", "iChiba.Portal.PublicApi\iChiba.Portal.PublicApi.csproj", "{DCF9A7BC-07BB-4E24-B35F-7BC5938BF660}"
EndProject
Project("{2150E333-8FDC-42A3-9474-1A3956D46DE8}") = "Driver", "Driver", "{32F9EDCC-E71F-4EAF-869E-16A0E9D2F6A0}"
EndProject
Project("{9A19103F-16F7-4668-BE54-9A1E7A4F7556}") = "iChiba.Portal.PublicApi.Driver.Interface", "iChiba.Portal.PublicApi.Driver.Interface\iChiba.Portal.PublicApi.Driver.Interface.csproj", "{3D70DD02-7CD3-48D5-B13C-B3AE7A569C3A}"
EndProject
Project("{9A19103F-16F7-4668-BE54-9A1E7A4F7556}") = "iChiba.Portal.PublicApi.Driver.Implement", "iChiba.Portal.PublicApi.Driver.Implement\iChiba.Portal.PublicApi.Driver.Implement.csproj", "{26CFE94A-9B82-4905-BC20-3703A1E40862}"
EndProject
Project("{9A19103F-16F7-4668-BE54-9A1E7A4F7556}") = "Ichiba.Partner.Api.Driver", "Ichiba.Partner.Api.Driver\Ichiba.Partner.Api.Driver.csproj", "{5C18918C-205D-4A63-8FB6-469C6CB7621A}"
EndProject
Project("{9A19103F-16F7-4668-BE54-9A1E7A4F7556}") = "iChiba.Portal.CS.PublicApi.Driver", "iChiba.Portal.CS.PublicApi.Driver\iChiba.Portal.CS.PublicApi.Driver.csproj", "{AEC3ECB6-0E15-4452-AD46-979F7A93833E}"
EndProject
Project("{9A19103F-16F7-4668-BE54-9A1E7A4F7556}") = "iChiba.DC.DbContext", "iChiba.DC.DbContext\iChiba.DC.DbContext.csproj", "{06868A83-ABB1-424A-8991-9B11950F29C5}"
EndProject
Project("{9A19103F-16F7-4668-BE54-9A1E7A4F7556}") = "iChiba.DC.Model", "iChiba.DC.Model\iChiba.DC.Model.csproj", "{8147B560-48C2-4BC8-A6D8-324C11DB83AE}"
EndProject
Project("{9A19103F-16F7-4668-BE54-9A1E7A4F7556}") = "iChiba.DC.Repository.Implement", "iChiba.DC.Repository.Implement\iChiba.DC.Repository.Implement.csproj", "{2798DC95-B486-4D49-84EA-C6B934B2F252}"
EndProject
Project("{9A19103F-16F7-4668-BE54-9A1E7A4F7556}") = "iChiba.DC.Repository.Interface", "iChiba.DC.Repository.Interface\iChiba.DC.Repository.Interface.csproj", "{522F7800-3A4E-4585-A0F4-C9FB72D9B34B}"
EndProject
Project("{9A19103F-16F7-4668-BE54-9A1E7A4F7556}") = "iChiba.DC.Service.Implement", "iChiba.DC.Service.Implement\iChiba.DC.Service.Implement.csproj", "{89F11239-FE24-46F3-9B88-220AEAB7E4A5}"
EndProject
Project("{9A19103F-16F7-4668-BE54-9A1E7A4F7556}") = "iChiba.DC.Service.Interface", "iChiba.DC.Service.Interface\iChiba.DC.Service.Interface.csproj", "{3E01DF9B-5024-4689-8243-CECBA2A8E205}"
EndProject
Project("{9A19103F-16F7-4668-BE54-9A1E7A4F7556}") = "iChiba.DC.Specification.Implement", "iChiba.DC.Specification.Implement\iChiba.DC.Specification.Implement.csproj", "{AC51C72A-6FE2-40C8-95A1-91D47E3B5224}"
EndProject
Project("{9A19103F-16F7-4668-BE54-9A1E7A4F7556}") = "iChiba.OM.DbContext", "iChiba.OM.DbContext\iChiba.OM.DbContext.csproj", "{BEF133BB-74C2-402D-B186-6A49518C24D5}"
EndProject
Project("{2150E333-8FDC-42A3-9474-1A3956D46DE8}") = "Specification", "Specification", "{29760A73-64E4-4591-B55E-47B6B6DCC0AC}"
EndProject
Project("{2150E333-8FDC-42A3-9474-1A3956D46DE8}") = "Common", "Common", "{391BF960-2082-425A-A455-4A3F7EA0B08E}"
EndProject
Project("{2150E333-8FDC-42A3-9474-1A3956D46DE8}") = "Repository", "Repository", "{0BE5C5B5-D7B8-4403-8EF8-B8E54D799C6C}"
EndProject
Project("{9A19103F-16F7-4668-BE54-9A1E7A4F7556}") = "iChiba.OM.Model", "iChiba.OM.Model\iChiba.OM.Model.csproj", "{F5EFDC8A-3E57-4503-A724-1781694C95D8}"
EndProject
Project("{2150E333-8FDC-42A3-9474-1A3956D46DE8}") = "PrivateApi", "PrivateApi", "{BF8FB85E-3CC7-4E29-8F82-FCC8DF06CD42}"
EndProject
Project("{2150E333-8FDC-42A3-9474-1A3956D46DE8}") = "AppService", "AppService", "{2BAF244C-E32B-4F01-A36B-0870F25D2D11}"
EndProject
Project("{9A19103F-16F7-4668-BE54-9A1E7A4F7556}") = "iChiba.Portal.PrivateApi.AppModel", "iChiba.Portal.PrivateApi.AppModel\iChiba.Portal.PrivateApi.AppModel.csproj", "{07D00B6C-431C-4930-AD89-AC28DDF698EF}"
EndProject
Project("{9A19103F-16F7-4668-BE54-9A1E7A4F7556}") = "iChiba.Portal.PrivateApi.AppService.Implement", "iChiba.Portal.PrivateApi.AppService.Implement\iChiba.Portal.PrivateApi.AppService.Implement.csproj", "{C7678BE8-BB4F-4703-9F80-024A32C8D3B6}"
EndProject
Project("{9A19103F-16F7-4668-BE54-9A1E7A4F7556}") = "iChiba.Portal.PrivateApi.AppService.Interface", "iChiba.Portal.PrivateApi.AppService.Interface\iChiba.Portal.PrivateApi.AppService.Interface.csproj", "{AD4BEC90-BB8C-416B-9D8B-9DDE04CCAFC3}"
EndProject
Project("{9A19103F-16F7-4668-BE54-9A1E7A4F7556}") = "iChiba.IS4.Api.Driver", "Ichiba.IS4.Api.Driver\iChiba.IS4.Api.Driver.csproj", "{4A89DDC8-F4A3-4838-8E06-85DF4FDA15EE}"
EndProject
Project("{9A19103F-16F7-4668-BE54-9A1E7A4F7556}") = "iChiba.WH.DbContext", "iChiba.WH.DbContext\iChiba.WH.DbContext.csproj", "{A8A90179-C4BE-4987-9928-88057B772708}"
EndProject
Project("{9A19103F-16F7-4668-BE54-9A1E7A4F7556}") = "iChiba.WH.Model", "iChiba.WH.Model\iChiba.WH.Model.csproj", "{5C51730C-13F0-47A1-9E33-80C200C70C38}"
EndProject
Project("{9A19103F-16F7-4668-BE54-9A1E7A4F7556}") = "iChiba.OM.Repository.Interface", "iChiba.OM.Repository.Interface\iChiba.OM.Repository.Interface.csproj", "{57FB1BBE-DC75-46F4-AA1D-E17900952C24}"
EndProject
Project("{9A19103F-16F7-4668-BE54-9A1E7A4F7556}") = "iChiba.OM.Service.Implement", "iChiba.OM.Service.Implement\iChiba.OM.Service.Implement.csproj", "{2BD0483A-0BB6-4115-AFF7-53686CC4E8E9}"
EndProject
Project("{9A19103F-16F7-4668-BE54-9A1E7A4F7556}") = "iChiba.OM.Service.Interface", "iChiba.OM.Service.Interface\iChiba.OM.Service.Interface.csproj", "{E115C715-208D-4C30-BBE9-8D0F37A54D51}"
EndProject
Project("{9A19103F-16F7-4668-BE54-9A1E7A4F7556}") = "iChiba.OM.Repository.Implement", "iChiba.OM.Repository.Implement\iChiba.OM.Repository.Implement.csproj", "{B314449C-F450-4087-99AA-B2BEDC3F9D3A}"
EndProject
Project("{9A19103F-16F7-4668-BE54-9A1E7A4F7556}") = "iChiba.OM.Specification.Implement", "iChiba.OM.Specification.Implement\iChiba.OM.Specification.Implement.csproj", "{0396EE3D-808E-490D-95E1-D80FECE252A2}"
EndProject
Project("{9A19103F-16F7-4668-BE54-9A1E7A4F7556}") = "iChiba.Portal.PrivateApi", "iChiba.Portal.PrivateApi\iChiba.Portal.PrivateApi.csproj", "{AD838D5D-04F5-4BB0-8399-4BAE6D4DB637}"
EndProject
Project("{9A19103F-16F7-4668-BE54-9A1E7A4F7556}") = "iChiba.WH.Api.Driver", "iChiba.WH.Api.Driver\iChiba.WH.Api.Driver.csproj", "{9AF033BC-6FCC-4FE5-9598-050F0D7CEE4C}"
EndProject
Project("{9A19103F-16F7-4668-BE54-9A1E7A4F7556}") = "iChiba.WH.Service.Interface", "iChiba.WH.Service.Interface\iChiba.WH.Service.Interface.csproj", "{5F64177C-C7A4-4C65-B392-C071DE0C961A}"
EndProject
Project("{9A19103F-16F7-4668-BE54-9A1E7A4F7556}") = "iChiba.WH.Service.Implement", "iChiba.WH.Service.Implement\iChiba.WH.Service.Implement.csproj", "{D4D70D26-0875-4153-9CC7-C36644EB6B1C}"
EndProject
Project("{9A19103F-16F7-4668-BE54-9A1E7A4F7556}") = "iChiba.WH.Repository.Interface", "iChiba.Portal.Repository.Interface\iChiba.WH.Repository.Interface.csproj", "{EE8ABBEF-DC0F-4B29-8681-B5E932AD9347}"
EndProject
Project("{9A19103F-16F7-4668-BE54-9A1E7A4F7556}") = "iChiba.WH.Repository.Implement", "iChiba.Portal.Repository.Implement\iChiba.WH.Repository.Implement.csproj", "{A0DD3E77-9A15-4431-9F49-57DDFF9526DA}"
EndProject
Project("{9A19103F-16F7-4668-BE54-9A1E7A4F7556}") = "iChiba.WH.Specification.Implement", "iChiba.WH.Specification.Implement\iChiba.WH.Specification.Implement.csproj", "{D974E440-DA43-499B-8EBB-ECD8393598B8}"
EndProject
Project("{2150E333-8FDC-42A3-9474-1A3956D46DE8}") = "ExtensionApi", "ExtensionApi", "{ED91CB82-DD45-416A-A8CB-35BC9FBF1679}"
EndProject
Project("{9A19103F-16F7-4668-BE54-9A1E7A4F7556}") = "iChiba.Portal.ExtensionApi", "iChiba.Portal.ExtensionApi\iChiba.Portal.ExtensionApi.csproj", "{F5D6460E-82EC-4F19-9A4B-ED069666E46A}"
EndProject
Project("{2150E333-8FDC-42A3-9474-1A3956D46DE8}") = "AppService", "AppService", "{C93BDD51-5BEE-4A44-BCA5-199BA3199E74}"
EndProject
Project("{9A19103F-16F7-4668-BE54-9A1E7A4F7556}") = "iChiba.Portal.ExtensionApi.AppModel", "iChiba.Portal.ExtensionApi.AppModel\iChiba.Portal.ExtensionApi.AppModel.csproj", "{93DCA08C-4921-4FD7-A14A-941A374E53E0}"
EndProject
Project("{9A19103F-16F7-4668-BE54-9A1E7A4F7556}") = "iChiba.Portal.ExtensionApi.AppService.Implement", "iChiba.Portal.ExtensionApi.AppService.Implement\iChiba.Portal.ExtensionApi.AppService.Implement.csproj", "{FD962884-9703-4B59-A2FC-37433C877FAB}"
EndProject
Project("{9A19103F-16F7-4668-BE54-9A1E7A4F7556}") = "iChiba.Portal.ExtensionApi.AppService.Interface", "iChiba.Portal.ExtensionApi.AppService.Interface\iChiba.Portal.ExtensionApi.AppService.Interface.csproj", "{7ADAE12A-B8A6-486A-9F95-1F4EFF467602}"
EndProject
Global
	GlobalSection(SolutionConfigurationPlatforms) = preSolution
		Debug|Any CPU = Debug|Any CPU
		Release|Any CPU = Release|Any CPU
	EndGlobalSection
	GlobalSection(ProjectConfigurationPlatforms) = postSolution
		{61A28826-59B2-4066-ABE7-9067C0B8D84C}.Debug|Any CPU.ActiveCfg = Debug|Any CPU
		{61A28826-59B2-4066-ABE7-9067C0B8D84C}.Debug|Any CPU.Build.0 = Debug|Any CPU
		{61A28826-59B2-4066-ABE7-9067C0B8D84C}.Release|Any CPU.ActiveCfg = Release|Any CPU
		{61A28826-59B2-4066-ABE7-9067C0B8D84C}.Release|Any CPU.Build.0 = Release|Any CPU
		{C7B45E78-0046-4032-A523-B4141E9884A7}.Debug|Any CPU.ActiveCfg = Debug|Any CPU
		{C7B45E78-0046-4032-A523-B4141E9884A7}.Debug|Any CPU.Build.0 = Debug|Any CPU
		{C7B45E78-0046-4032-A523-B4141E9884A7}.Release|Any CPU.ActiveCfg = Release|Any CPU
		{C7B45E78-0046-4032-A523-B4141E9884A7}.Release|Any CPU.Build.0 = Release|Any CPU
		{DC763F6E-71D4-4341-8C06-2B8477217856}.Debug|Any CPU.ActiveCfg = Debug|Any CPU
		{DC763F6E-71D4-4341-8C06-2B8477217856}.Debug|Any CPU.Build.0 = Debug|Any CPU
		{DC763F6E-71D4-4341-8C06-2B8477217856}.Release|Any CPU.ActiveCfg = Release|Any CPU
		{DC763F6E-71D4-4341-8C06-2B8477217856}.Release|Any CPU.Build.0 = Release|Any CPU
		{93D0E53E-B550-4B33-9F79-F06B7B4FA710}.Debug|Any CPU.ActiveCfg = Debug|Any CPU
		{93D0E53E-B550-4B33-9F79-F06B7B4FA710}.Debug|Any CPU.Build.0 = Debug|Any CPU
		{93D0E53E-B550-4B33-9F79-F06B7B4FA710}.Release|Any CPU.ActiveCfg = Release|Any CPU
		{93D0E53E-B550-4B33-9F79-F06B7B4FA710}.Release|Any CPU.Build.0 = Release|Any CPU
		{FC67EA72-FDDE-430F-902E-0C41CA784643}.Debug|Any CPU.ActiveCfg = Debug|Any CPU
		{FC67EA72-FDDE-430F-902E-0C41CA784643}.Debug|Any CPU.Build.0 = Debug|Any CPU
		{FC67EA72-FDDE-430F-902E-0C41CA784643}.Release|Any CPU.ActiveCfg = Release|Any CPU
		{FC67EA72-FDDE-430F-902E-0C41CA784643}.Release|Any CPU.Build.0 = Release|Any CPU
		{DED1B9ED-A48E-47B0-A3C6-7318119C8BDB}.Debug|Any CPU.ActiveCfg = Debug|Any CPU
		{DED1B9ED-A48E-47B0-A3C6-7318119C8BDB}.Debug|Any CPU.Build.0 = Debug|Any CPU
		{DED1B9ED-A48E-47B0-A3C6-7318119C8BDB}.Release|Any CPU.ActiveCfg = Release|Any CPU
		{DED1B9ED-A48E-47B0-A3C6-7318119C8BDB}.Release|Any CPU.Build.0 = Release|Any CPU
		{631F6160-795E-4B25-B841-64D04B1C441E}.Debug|Any CPU.ActiveCfg = Debug|Any CPU
		{631F6160-795E-4B25-B841-64D04B1C441E}.Debug|Any CPU.Build.0 = Debug|Any CPU
		{631F6160-795E-4B25-B841-64D04B1C441E}.Release|Any CPU.ActiveCfg = Release|Any CPU
		{631F6160-795E-4B25-B841-64D04B1C441E}.Release|Any CPU.Build.0 = Release|Any CPU
		{9A2F4241-7076-425A-B87A-D142F60E51A2}.Debug|Any CPU.ActiveCfg = Debug|Any CPU
		{9A2F4241-7076-425A-B87A-D142F60E51A2}.Debug|Any CPU.Build.0 = Debug|Any CPU
		{9A2F4241-7076-425A-B87A-D142F60E51A2}.Release|Any CPU.ActiveCfg = Release|Any CPU
		{9A2F4241-7076-425A-B87A-D142F60E51A2}.Release|Any CPU.Build.0 = Release|Any CPU
		{3264D17E-F14C-4E1A-A602-4BCDE485125C}.Debug|Any CPU.ActiveCfg = Debug|Any CPU
		{3264D17E-F14C-4E1A-A602-4BCDE485125C}.Debug|Any CPU.Build.0 = Debug|Any CPU
		{3264D17E-F14C-4E1A-A602-4BCDE485125C}.Release|Any CPU.ActiveCfg = Release|Any CPU
		{3264D17E-F14C-4E1A-A602-4BCDE485125C}.Release|Any CPU.Build.0 = Release|Any CPU
		{8755ACF4-527D-4662-976A-27C1DE7F9046}.Debug|Any CPU.ActiveCfg = Debug|Any CPU
		{8755ACF4-527D-4662-976A-27C1DE7F9046}.Debug|Any CPU.Build.0 = Debug|Any CPU
		{8755ACF4-527D-4662-976A-27C1DE7F9046}.Release|Any CPU.ActiveCfg = Release|Any CPU
		{8755ACF4-527D-4662-976A-27C1DE7F9046}.Release|Any CPU.Build.0 = Release|Any CPU
		{A3132875-E9D2-44D7-9CF7-4B099CFFCFF3}.Debug|Any CPU.ActiveCfg = Debug|Any CPU
		{A3132875-E9D2-44D7-9CF7-4B099CFFCFF3}.Debug|Any CPU.Build.0 = Debug|Any CPU
		{A3132875-E9D2-44D7-9CF7-4B099CFFCFF3}.Release|Any CPU.ActiveCfg = Release|Any CPU
		{A3132875-E9D2-44D7-9CF7-4B099CFFCFF3}.Release|Any CPU.Build.0 = Release|Any CPU
		{487A0EAE-85E0-48DC-853C-093E476629DA}.Debug|Any CPU.ActiveCfg = Debug|Any CPU
		{487A0EAE-85E0-48DC-853C-093E476629DA}.Debug|Any CPU.Build.0 = Debug|Any CPU
		{487A0EAE-85E0-48DC-853C-093E476629DA}.Release|Any CPU.ActiveCfg = Release|Any CPU
		{487A0EAE-85E0-48DC-853C-093E476629DA}.Release|Any CPU.Build.0 = Release|Any CPU
		{9641AE22-F02C-4F18-B15F-5660DD96D3F1}.Debug|Any CPU.ActiveCfg = Debug|Any CPU
		{9641AE22-F02C-4F18-B15F-5660DD96D3F1}.Debug|Any CPU.Build.0 = Debug|Any CPU
		{9641AE22-F02C-4F18-B15F-5660DD96D3F1}.Release|Any CPU.ActiveCfg = Release|Any CPU
		{9641AE22-F02C-4F18-B15F-5660DD96D3F1}.Release|Any CPU.Build.0 = Release|Any CPU
		{DCF9A7BC-07BB-4E24-B35F-7BC5938BF660}.Debug|Any CPU.ActiveCfg = Debug|Any CPU
		{DCF9A7BC-07BB-4E24-B35F-7BC5938BF660}.Debug|Any CPU.Build.0 = Debug|Any CPU
		{DCF9A7BC-07BB-4E24-B35F-7BC5938BF660}.Release|Any CPU.ActiveCfg = Release|Any CPU
		{DCF9A7BC-07BB-4E24-B35F-7BC5938BF660}.Release|Any CPU.Build.0 = Release|Any CPU
		{3D70DD02-7CD3-48D5-B13C-B3AE7A569C3A}.Debug|Any CPU.ActiveCfg = Debug|Any CPU
		{3D70DD02-7CD3-48D5-B13C-B3AE7A569C3A}.Debug|Any CPU.Build.0 = Debug|Any CPU
		{3D70DD02-7CD3-48D5-B13C-B3AE7A569C3A}.Release|Any CPU.ActiveCfg = Release|Any CPU
		{3D70DD02-7CD3-48D5-B13C-B3AE7A569C3A}.Release|Any CPU.Build.0 = Release|Any CPU
		{26CFE94A-9B82-4905-BC20-3703A1E40862}.Debug|Any CPU.ActiveCfg = Debug|Any CPU
		{26CFE94A-9B82-4905-BC20-3703A1E40862}.Debug|Any CPU.Build.0 = Debug|Any CPU
		{26CFE94A-9B82-4905-BC20-3703A1E40862}.Release|Any CPU.ActiveCfg = Release|Any CPU
		{26CFE94A-9B82-4905-BC20-3703A1E40862}.Release|Any CPU.Build.0 = Release|Any CPU
		{5C18918C-205D-4A63-8FB6-469C6CB7621A}.Debug|Any CPU.ActiveCfg = Debug|Any CPU
		{5C18918C-205D-4A63-8FB6-469C6CB7621A}.Debug|Any CPU.Build.0 = Debug|Any CPU
		{5C18918C-205D-4A63-8FB6-469C6CB7621A}.Release|Any CPU.ActiveCfg = Release|Any CPU
		{5C18918C-205D-4A63-8FB6-469C6CB7621A}.Release|Any CPU.Build.0 = Release|Any CPU
		{AEC3ECB6-0E15-4452-AD46-979F7A93833E}.Debug|Any CPU.ActiveCfg = Debug|Any CPU
		{AEC3ECB6-0E15-4452-AD46-979F7A93833E}.Debug|Any CPU.Build.0 = Debug|Any CPU
		{AEC3ECB6-0E15-4452-AD46-979F7A93833E}.Release|Any CPU.ActiveCfg = Release|Any CPU
		{AEC3ECB6-0E15-4452-AD46-979F7A93833E}.Release|Any CPU.Build.0 = Release|Any CPU
		{06868A83-ABB1-424A-8991-9B11950F29C5}.Debug|Any CPU.ActiveCfg = Debug|Any CPU
		{06868A83-ABB1-424A-8991-9B11950F29C5}.Debug|Any CPU.Build.0 = Debug|Any CPU
		{06868A83-ABB1-424A-8991-9B11950F29C5}.Release|Any CPU.ActiveCfg = Release|Any CPU
		{06868A83-ABB1-424A-8991-9B11950F29C5}.Release|Any CPU.Build.0 = Release|Any CPU
		{8147B560-48C2-4BC8-A6D8-324C11DB83AE}.Debug|Any CPU.ActiveCfg = Debug|Any CPU
		{8147B560-48C2-4BC8-A6D8-324C11DB83AE}.Debug|Any CPU.Build.0 = Debug|Any CPU
		{8147B560-48C2-4BC8-A6D8-324C11DB83AE}.Release|Any CPU.ActiveCfg = Release|Any CPU
		{8147B560-48C2-4BC8-A6D8-324C11DB83AE}.Release|Any CPU.Build.0 = Release|Any CPU
		{2798DC95-B486-4D49-84EA-C6B934B2F252}.Debug|Any CPU.ActiveCfg = Debug|Any CPU
		{2798DC95-B486-4D49-84EA-C6B934B2F252}.Debug|Any CPU.Build.0 = Debug|Any CPU
		{2798DC95-B486-4D49-84EA-C6B934B2F252}.Release|Any CPU.ActiveCfg = Release|Any CPU
		{2798DC95-B486-4D49-84EA-C6B934B2F252}.Release|Any CPU.Build.0 = Release|Any CPU
		{522F7800-3A4E-4585-A0F4-C9FB72D9B34B}.Debug|Any CPU.ActiveCfg = Debug|Any CPU
		{522F7800-3A4E-4585-A0F4-C9FB72D9B34B}.Debug|Any CPU.Build.0 = Debug|Any CPU
		{522F7800-3A4E-4585-A0F4-C9FB72D9B34B}.Release|Any CPU.ActiveCfg = Release|Any CPU
		{522F7800-3A4E-4585-A0F4-C9FB72D9B34B}.Release|Any CPU.Build.0 = Release|Any CPU
		{89F11239-FE24-46F3-9B88-220AEAB7E4A5}.Debug|Any CPU.ActiveCfg = Debug|Any CPU
		{89F11239-FE24-46F3-9B88-220AEAB7E4A5}.Debug|Any CPU.Build.0 = Debug|Any CPU
		{89F11239-FE24-46F3-9B88-220AEAB7E4A5}.Release|Any CPU.ActiveCfg = Release|Any CPU
		{89F11239-FE24-46F3-9B88-220AEAB7E4A5}.Release|Any CPU.Build.0 = Release|Any CPU
		{3E01DF9B-5024-4689-8243-CECBA2A8E205}.Debug|Any CPU.ActiveCfg = Debug|Any CPU
		{3E01DF9B-5024-4689-8243-CECBA2A8E205}.Debug|Any CPU.Build.0 = Debug|Any CPU
		{3E01DF9B-5024-4689-8243-CECBA2A8E205}.Release|Any CPU.ActiveCfg = Release|Any CPU
		{3E01DF9B-5024-4689-8243-CECBA2A8E205}.Release|Any CPU.Build.0 = Release|Any CPU
		{AC51C72A-6FE2-40C8-95A1-91D47E3B5224}.Debug|Any CPU.ActiveCfg = Debug|Any CPU
		{AC51C72A-6FE2-40C8-95A1-91D47E3B5224}.Debug|Any CPU.Build.0 = Debug|Any CPU
		{AC51C72A-6FE2-40C8-95A1-91D47E3B5224}.Release|Any CPU.ActiveCfg = Release|Any CPU
		{AC51C72A-6FE2-40C8-95A1-91D47E3B5224}.Release|Any CPU.Build.0 = Release|Any CPU
		{BEF133BB-74C2-402D-B186-6A49518C24D5}.Debug|Any CPU.ActiveCfg = Debug|Any CPU
		{BEF133BB-74C2-402D-B186-6A49518C24D5}.Debug|Any CPU.Build.0 = Debug|Any CPU
		{BEF133BB-74C2-402D-B186-6A49518C24D5}.Release|Any CPU.ActiveCfg = Release|Any CPU
		{BEF133BB-74C2-402D-B186-6A49518C24D5}.Release|Any CPU.Build.0 = Release|Any CPU
		{F5EFDC8A-3E57-4503-A724-1781694C95D8}.Debug|Any CPU.ActiveCfg = Debug|Any CPU
		{F5EFDC8A-3E57-4503-A724-1781694C95D8}.Debug|Any CPU.Build.0 = Debug|Any CPU
		{F5EFDC8A-3E57-4503-A724-1781694C95D8}.Release|Any CPU.ActiveCfg = Release|Any CPU
		{F5EFDC8A-3E57-4503-A724-1781694C95D8}.Release|Any CPU.Build.0 = Release|Any CPU
		{07D00B6C-431C-4930-AD89-AC28DDF698EF}.Debug|Any CPU.ActiveCfg = Debug|Any CPU
		{07D00B6C-431C-4930-AD89-AC28DDF698EF}.Debug|Any CPU.Build.0 = Debug|Any CPU
		{07D00B6C-431C-4930-AD89-AC28DDF698EF}.Release|Any CPU.ActiveCfg = Release|Any CPU
		{07D00B6C-431C-4930-AD89-AC28DDF698EF}.Release|Any CPU.Build.0 = Release|Any CPU
		{C7678BE8-BB4F-4703-9F80-024A32C8D3B6}.Debug|Any CPU.ActiveCfg = Debug|Any CPU
		{C7678BE8-BB4F-4703-9F80-024A32C8D3B6}.Debug|Any CPU.Build.0 = Debug|Any CPU
		{C7678BE8-BB4F-4703-9F80-024A32C8D3B6}.Release|Any CPU.ActiveCfg = Release|Any CPU
		{C7678BE8-BB4F-4703-9F80-024A32C8D3B6}.Release|Any CPU.Build.0 = Release|Any CPU
		{AD4BEC90-BB8C-416B-9D8B-9DDE04CCAFC3}.Debug|Any CPU.ActiveCfg = Debug|Any CPU
		{AD4BEC90-BB8C-416B-9D8B-9DDE04CCAFC3}.Debug|Any CPU.Build.0 = Debug|Any CPU
		{AD4BEC90-BB8C-416B-9D8B-9DDE04CCAFC3}.Release|Any CPU.ActiveCfg = Release|Any CPU
		{AD4BEC90-BB8C-416B-9D8B-9DDE04CCAFC3}.Release|Any CPU.Build.0 = Release|Any CPU
		{4A89DDC8-F4A3-4838-8E06-85DF4FDA15EE}.Debug|Any CPU.ActiveCfg = Debug|Any CPU
		{4A89DDC8-F4A3-4838-8E06-85DF4FDA15EE}.Debug|Any CPU.Build.0 = Debug|Any CPU
		{4A89DDC8-F4A3-4838-8E06-85DF4FDA15EE}.Release|Any CPU.ActiveCfg = Release|Any CPU
		{4A89DDC8-F4A3-4838-8E06-85DF4FDA15EE}.Release|Any CPU.Build.0 = Release|Any CPU
		{A8A90179-C4BE-4987-9928-88057B772708}.Debug|Any CPU.ActiveCfg = Debug|Any CPU
		{A8A90179-C4BE-4987-9928-88057B772708}.Debug|Any CPU.Build.0 = Debug|Any CPU
		{A8A90179-C4BE-4987-9928-88057B772708}.Release|Any CPU.ActiveCfg = Release|Any CPU
		{A8A90179-C4BE-4987-9928-88057B772708}.Release|Any CPU.Build.0 = Release|Any CPU
		{5C51730C-13F0-47A1-9E33-80C200C70C38}.Debug|Any CPU.ActiveCfg = Debug|Any CPU
		{5C51730C-13F0-47A1-9E33-80C200C70C38}.Debug|Any CPU.Build.0 = Debug|Any CPU
		{5C51730C-13F0-47A1-9E33-80C200C70C38}.Release|Any CPU.ActiveCfg = Release|Any CPU
		{5C51730C-13F0-47A1-9E33-80C200C70C38}.Release|Any CPU.Build.0 = Release|Any CPU
		{57FB1BBE-DC75-46F4-AA1D-E17900952C24}.Debug|Any CPU.ActiveCfg = Debug|Any CPU
		{57FB1BBE-DC75-46F4-AA1D-E17900952C24}.Debug|Any CPU.Build.0 = Debug|Any CPU
		{57FB1BBE-DC75-46F4-AA1D-E17900952C24}.Release|Any CPU.ActiveCfg = Release|Any CPU
		{57FB1BBE-DC75-46F4-AA1D-E17900952C24}.Release|Any CPU.Build.0 = Release|Any CPU
		{2BD0483A-0BB6-4115-AFF7-53686CC4E8E9}.Debug|Any CPU.ActiveCfg = Debug|Any CPU
		{2BD0483A-0BB6-4115-AFF7-53686CC4E8E9}.Debug|Any CPU.Build.0 = Debug|Any CPU
		{2BD0483A-0BB6-4115-AFF7-53686CC4E8E9}.Release|Any CPU.ActiveCfg = Release|Any CPU
		{2BD0483A-0BB6-4115-AFF7-53686CC4E8E9}.Release|Any CPU.Build.0 = Release|Any CPU
		{E115C715-208D-4C30-BBE9-8D0F37A54D51}.Debug|Any CPU.ActiveCfg = Debug|Any CPU
		{E115C715-208D-4C30-BBE9-8D0F37A54D51}.Debug|Any CPU.Build.0 = Debug|Any CPU
		{E115C715-208D-4C30-BBE9-8D0F37A54D51}.Release|Any CPU.ActiveCfg = Release|Any CPU
		{E115C715-208D-4C30-BBE9-8D0F37A54D51}.Release|Any CPU.Build.0 = Release|Any CPU
		{B314449C-F450-4087-99AA-B2BEDC3F9D3A}.Debug|Any CPU.ActiveCfg = Debug|Any CPU
		{B314449C-F450-4087-99AA-B2BEDC3F9D3A}.Debug|Any CPU.Build.0 = Debug|Any CPU
		{B314449C-F450-4087-99AA-B2BEDC3F9D3A}.Release|Any CPU.ActiveCfg = Release|Any CPU
		{B314449C-F450-4087-99AA-B2BEDC3F9D3A}.Release|Any CPU.Build.0 = Release|Any CPU
		{0396EE3D-808E-490D-95E1-D80FECE252A2}.Debug|Any CPU.ActiveCfg = Debug|Any CPU
		{0396EE3D-808E-490D-95E1-D80FECE252A2}.Debug|Any CPU.Build.0 = Debug|Any CPU
		{0396EE3D-808E-490D-95E1-D80FECE252A2}.Release|Any CPU.ActiveCfg = Release|Any CPU
		{0396EE3D-808E-490D-95E1-D80FECE252A2}.Release|Any CPU.Build.0 = Release|Any CPU
		{AD838D5D-04F5-4BB0-8399-4BAE6D4DB637}.Debug|Any CPU.ActiveCfg = Debug|Any CPU
		{AD838D5D-04F5-4BB0-8399-4BAE6D4DB637}.Debug|Any CPU.Build.0 = Debug|Any CPU
		{AD838D5D-04F5-4BB0-8399-4BAE6D4DB637}.Release|Any CPU.ActiveCfg = Release|Any CPU
		{AD838D5D-04F5-4BB0-8399-4BAE6D4DB637}.Release|Any CPU.Build.0 = Release|Any CPU
		{9AF033BC-6FCC-4FE5-9598-050F0D7CEE4C}.Debug|Any CPU.ActiveCfg = Debug|Any CPU
		{9AF033BC-6FCC-4FE5-9598-050F0D7CEE4C}.Debug|Any CPU.Build.0 = Debug|Any CPU
		{9AF033BC-6FCC-4FE5-9598-050F0D7CEE4C}.Release|Any CPU.ActiveCfg = Release|Any CPU
		{9AF033BC-6FCC-4FE5-9598-050F0D7CEE4C}.Release|Any CPU.Build.0 = Release|Any CPU
		{5F64177C-C7A4-4C65-B392-C071DE0C961A}.Debug|Any CPU.ActiveCfg = Debug|Any CPU
		{5F64177C-C7A4-4C65-B392-C071DE0C961A}.Debug|Any CPU.Build.0 = Debug|Any CPU
		{5F64177C-C7A4-4C65-B392-C071DE0C961A}.Release|Any CPU.ActiveCfg = Release|Any CPU
		{5F64177C-C7A4-4C65-B392-C071DE0C961A}.Release|Any CPU.Build.0 = Release|Any CPU
		{D4D70D26-0875-4153-9CC7-C36644EB6B1C}.Debug|Any CPU.ActiveCfg = Debug|Any CPU
		{D4D70D26-0875-4153-9CC7-C36644EB6B1C}.Debug|Any CPU.Build.0 = Debug|Any CPU
		{D4D70D26-0875-4153-9CC7-C36644EB6B1C}.Release|Any CPU.ActiveCfg = Release|Any CPU
		{D4D70D26-0875-4153-9CC7-C36644EB6B1C}.Release|Any CPU.Build.0 = Release|Any CPU
		{EE8ABBEF-DC0F-4B29-8681-B5E932AD9347}.Debug|Any CPU.ActiveCfg = Debug|Any CPU
		{EE8ABBEF-DC0F-4B29-8681-B5E932AD9347}.Debug|Any CPU.Build.0 = Debug|Any CPU
		{EE8ABBEF-DC0F-4B29-8681-B5E932AD9347}.Release|Any CPU.ActiveCfg = Release|Any CPU
		{EE8ABBEF-DC0F-4B29-8681-B5E932AD9347}.Release|Any CPU.Build.0 = Release|Any CPU
		{A0DD3E77-9A15-4431-9F49-57DDFF9526DA}.Debug|Any CPU.ActiveCfg = Debug|Any CPU
		{A0DD3E77-9A15-4431-9F49-57DDFF9526DA}.Debug|Any CPU.Build.0 = Debug|Any CPU
		{A0DD3E77-9A15-4431-9F49-57DDFF9526DA}.Release|Any CPU.ActiveCfg = Release|Any CPU
		{A0DD3E77-9A15-4431-9F49-57DDFF9526DA}.Release|Any CPU.Build.0 = Release|Any CPU
		{D974E440-DA43-499B-8EBB-ECD8393598B8}.Debug|Any CPU.ActiveCfg = Debug|Any CPU
		{D974E440-DA43-499B-8EBB-ECD8393598B8}.Debug|Any CPU.Build.0 = Debug|Any CPU
		{D974E440-DA43-499B-8EBB-ECD8393598B8}.Release|Any CPU.ActiveCfg = Release|Any CPU
		{D974E440-DA43-499B-8EBB-ECD8393598B8}.Release|Any CPU.Build.0 = Release|Any CPU
		{F5D6460E-82EC-4F19-9A4B-ED069666E46A}.Debug|Any CPU.ActiveCfg = Debug|Any CPU
		{F5D6460E-82EC-4F19-9A4B-ED069666E46A}.Debug|Any CPU.Build.0 = Debug|Any CPU
		{F5D6460E-82EC-4F19-9A4B-ED069666E46A}.Release|Any CPU.ActiveCfg = Release|Any CPU
		{F5D6460E-82EC-4F19-9A4B-ED069666E46A}.Release|Any CPU.Build.0 = Release|Any CPU
		{93DCA08C-4921-4FD7-A14A-941A374E53E0}.Debug|Any CPU.ActiveCfg = Debug|Any CPU
		{93DCA08C-4921-4FD7-A14A-941A374E53E0}.Debug|Any CPU.Build.0 = Debug|Any CPU
		{93DCA08C-4921-4FD7-A14A-941A374E53E0}.Release|Any CPU.ActiveCfg = Release|Any CPU
		{93DCA08C-4921-4FD7-A14A-941A374E53E0}.Release|Any CPU.Build.0 = Release|Any CPU
		{FD962884-9703-4B59-A2FC-37433C877FAB}.Debug|Any CPU.ActiveCfg = Debug|Any CPU
		{FD962884-9703-4B59-A2FC-37433C877FAB}.Debug|Any CPU.Build.0 = Debug|Any CPU
		{FD962884-9703-4B59-A2FC-37433C877FAB}.Release|Any CPU.ActiveCfg = Release|Any CPU
		{FD962884-9703-4B59-A2FC-37433C877FAB}.Release|Any CPU.Build.0 = Release|Any CPU
		{7ADAE12A-B8A6-486A-9F95-1F4EFF467602}.Debug|Any CPU.ActiveCfg = Debug|Any CPU
		{7ADAE12A-B8A6-486A-9F95-1F4EFF467602}.Debug|Any CPU.Build.0 = Debug|Any CPU
		{7ADAE12A-B8A6-486A-9F95-1F4EFF467602}.Release|Any CPU.ActiveCfg = Release|Any CPU
		{7ADAE12A-B8A6-486A-9F95-1F4EFF467602}.Release|Any CPU.Build.0 = Release|Any CPU
	EndGlobalSection
	GlobalSection(SolutionProperties) = preSolution
		HideSolutionNode = FALSE
	EndGlobalSection
	GlobalSection(NestedProjects) = preSolution
		{D416D739-F80A-40C4-8301-CF69706851E6} = {F216E480-8AF8-415E-B3A2-43CD7A51D07B}
		{ABA9F4FE-05BE-4973-8F96-D7D96674B448} = {21C438C7-7632-45BF-A744-23C88F16D2C9}
		{0B7D92DE-D8A2-4035-B8FA-EDA47652229B} = {21C438C7-7632-45BF-A744-23C88F16D2C9}
		{A61A3A20-A5A9-4A24-BFB8-350686F306A5} = {21C438C7-7632-45BF-A744-23C88F16D2C9}
		{61A28826-59B2-4066-ABE7-9067C0B8D84C} = {0B7D92DE-D8A2-4035-B8FA-EDA47652229B}
		{C7B45E78-0046-4032-A523-B4141E9884A7} = {0B7D92DE-D8A2-4035-B8FA-EDA47652229B}
		{DC763F6E-71D4-4341-8C06-2B8477217856} = {0B7D92DE-D8A2-4035-B8FA-EDA47652229B}
		{93D0E53E-B550-4B33-9F79-F06B7B4FA710} = {A61A3A20-A5A9-4A24-BFB8-350686F306A5}
		{FC67EA72-FDDE-430F-902E-0C41CA784643} = {A61A3A20-A5A9-4A24-BFB8-350686F306A5}
		{DED1B9ED-A48E-47B0-A3C6-7318119C8BDB} = {A61A3A20-A5A9-4A24-BFB8-350686F306A5}
		{631F6160-795E-4B25-B841-64D04B1C441E} = {ABA9F4FE-05BE-4973-8F96-D7D96674B448}
		{9A2F4241-7076-425A-B87A-D142F60E51A2} = {ABA9F4FE-05BE-4973-8F96-D7D96674B448}
		{3264D17E-F14C-4E1A-A602-4BCDE485125C} = {391BF960-2082-425A-A455-4A3F7EA0B08E}
		{8755ACF4-527D-4662-976A-27C1DE7F9046} = {391BF960-2082-425A-A455-4A3F7EA0B08E}
		{A3132875-E9D2-44D7-9CF7-4B099CFFCFF3} = {D416D739-F80A-40C4-8301-CF69706851E6}
		{487A0EAE-85E0-48DC-853C-093E476629DA} = {D416D739-F80A-40C4-8301-CF69706851E6}
		{9641AE22-F02C-4F18-B15F-5660DD96D3F1} = {D416D739-F80A-40C4-8301-CF69706851E6}
		{DCF9A7BC-07BB-4E24-B35F-7BC5938BF660} = {F216E480-8AF8-415E-B3A2-43CD7A51D07B}
		{3D70DD02-7CD3-48D5-B13C-B3AE7A569C3A} = {32F9EDCC-E71F-4EAF-869E-16A0E9D2F6A0}
		{26CFE94A-9B82-4905-BC20-3703A1E40862} = {32F9EDCC-E71F-4EAF-869E-16A0E9D2F6A0}
		{5C18918C-205D-4A63-8FB6-469C6CB7621A} = {32F9EDCC-E71F-4EAF-869E-16A0E9D2F6A0}
		{AEC3ECB6-0E15-4452-AD46-979F7A93833E} = {32F9EDCC-E71F-4EAF-869E-16A0E9D2F6A0}
		{06868A83-ABB1-424A-8991-9B11950F29C5} = {21C438C7-7632-45BF-A744-23C88F16D2C9}
		{8147B560-48C2-4BC8-A6D8-324C11DB83AE} = {21C438C7-7632-45BF-A744-23C88F16D2C9}
		{2798DC95-B486-4D49-84EA-C6B934B2F252} = {0BE5C5B5-D7B8-4403-8EF8-B8E54D799C6C}
		{522F7800-3A4E-4585-A0F4-C9FB72D9B34B} = {0BE5C5B5-D7B8-4403-8EF8-B8E54D799C6C}
		{89F11239-FE24-46F3-9B88-220AEAB7E4A5} = {ABA9F4FE-05BE-4973-8F96-D7D96674B448}
		{3E01DF9B-5024-4689-8243-CECBA2A8E205} = {ABA9F4FE-05BE-4973-8F96-D7D96674B448}
		{AC51C72A-6FE2-40C8-95A1-91D47E3B5224} = {29760A73-64E4-4591-B55E-47B6B6DCC0AC}
		{BEF133BB-74C2-402D-B186-6A49518C24D5} = {21C438C7-7632-45BF-A744-23C88F16D2C9}
		{29760A73-64E4-4591-B55E-47B6B6DCC0AC} = {21C438C7-7632-45BF-A744-23C88F16D2C9}
		{391BF960-2082-425A-A455-4A3F7EA0B08E} = {21C438C7-7632-45BF-A744-23C88F16D2C9}
		{0BE5C5B5-D7B8-4403-8EF8-B8E54D799C6C} = {21C438C7-7632-45BF-A744-23C88F16D2C9}
		{F5EFDC8A-3E57-4503-A724-1781694C95D8} = {21C438C7-7632-45BF-A744-23C88F16D2C9}
		{2BAF244C-E32B-4F01-A36B-0870F25D2D11} = {BF8FB85E-3CC7-4E29-8F82-FCC8DF06CD42}
		{07D00B6C-431C-4930-AD89-AC28DDF698EF} = {2BAF244C-E32B-4F01-A36B-0870F25D2D11}
		{C7678BE8-BB4F-4703-9F80-024A32C8D3B6} = {2BAF244C-E32B-4F01-A36B-0870F25D2D11}
		{AD4BEC90-BB8C-416B-9D8B-9DDE04CCAFC3} = {2BAF244C-E32B-4F01-A36B-0870F25D2D11}
		{4A89DDC8-F4A3-4838-8E06-85DF4FDA15EE} = {32F9EDCC-E71F-4EAF-869E-16A0E9D2F6A0}
		{A8A90179-C4BE-4987-9928-88057B772708} = {21C438C7-7632-45BF-A744-23C88F16D2C9}
		{5C51730C-13F0-47A1-9E33-80C200C70C38} = {21C438C7-7632-45BF-A744-23C88F16D2C9}
		{57FB1BBE-DC75-46F4-AA1D-E17900952C24} = {0BE5C5B5-D7B8-4403-8EF8-B8E54D799C6C}
		{2BD0483A-0BB6-4115-AFF7-53686CC4E8E9} = {ABA9F4FE-05BE-4973-8F96-D7D96674B448}
		{E115C715-208D-4C30-BBE9-8D0F37A54D51} = {ABA9F4FE-05BE-4973-8F96-D7D96674B448}
		{B314449C-F450-4087-99AA-B2BEDC3F9D3A} = {0BE5C5B5-D7B8-4403-8EF8-B8E54D799C6C}
		{0396EE3D-808E-490D-95E1-D80FECE252A2} = {29760A73-64E4-4591-B55E-47B6B6DCC0AC}
		{AD838D5D-04F5-4BB0-8399-4BAE6D4DB637} = {BF8FB85E-3CC7-4E29-8F82-FCC8DF06CD42}
		{9AF033BC-6FCC-4FE5-9598-050F0D7CEE4C} = {32F9EDCC-E71F-4EAF-869E-16A0E9D2F6A0}
		{5F64177C-C7A4-4C65-B392-C071DE0C961A} = {ABA9F4FE-05BE-4973-8F96-D7D96674B448}
		{D4D70D26-0875-4153-9CC7-C36644EB6B1C} = {ABA9F4FE-05BE-4973-8F96-D7D96674B448}
		{EE8ABBEF-DC0F-4B29-8681-B5E932AD9347} = {0BE5C5B5-D7B8-4403-8EF8-B8E54D799C6C}
		{A0DD3E77-9A15-4431-9F49-57DDFF9526DA} = {0BE5C5B5-D7B8-4403-8EF8-B8E54D799C6C}
		{D974E440-DA43-499B-8EBB-ECD8393598B8} = {29760A73-64E4-4591-B55E-47B6B6DCC0AC}
		{F5D6460E-82EC-4F19-9A4B-ED069666E46A} = {ED91CB82-DD45-416A-A8CB-35BC9FBF1679}
		{C93BDD51-5BEE-4A44-BCA5-199BA3199E74} = {ED91CB82-DD45-416A-A8CB-35BC9FBF1679}
		{93DCA08C-4921-4FD7-A14A-941A374E53E0} = {C93BDD51-5BEE-4A44-BCA5-199BA3199E74}
		{FD962884-9703-4B59-A2FC-37433C877FAB} = {C93BDD51-5BEE-4A44-BCA5-199BA3199E74}
		{7ADAE12A-B8A6-486A-9F95-1F4EFF467602} = {C93BDD51-5BEE-4A44-BCA5-199BA3199E74}
	EndGlobalSection
	GlobalSection(ExtensibilityGlobals) = postSolution
		SolutionGuid = {C556888A-3E71-4131-9B5B-C4B753B7573F}
	EndGlobalSection
EndGlobal
